
Microsoft Visual Studio Solution File, Format Version 12.00
# Visual Studio Version 17
VisualStudioVersion = 17.0.31912.275
MinimumVisualStudioVersion = 10.0.40219.1
Project("{FAE04EC0-301F-11D3-BF4B-00C04F79EFBC}") = "IZIM", "IZIM\IZIM.csproj", "{05C289D8-E82C-4072-B525-AE014A0D564F}"
EndProject
Global
	GlobalSection(SolutionConfigurationPlatforms) = preSolution
		Debug|Any CPU = Debug|Any CPU
		Release|Any CPU = Release|Any CPU
	EndGlobalSection
	GlobalSection(ProjectConfigurationPlatforms) = postSolution
		{05C289D8-E82C-4072-B525-AE014A0D564F}.Debug|Any CPU.ActiveCfg = Debug|Any CPU
		{05C289D8-E82C-4072-B525-AE014A0D564F}.Debug|Any CPU.Build.0 = Debug|Any CPU
		{05C289D8-E82C-4072-B525-AE014A0D564F}.Release|Any CPU.ActiveCfg = Release|Any CPU
		{05C289D8-E82C-4072-B525-AE014A0D564F}.Release|Any CPU.Build.0 = Release|Any CPU
	EndGlobalSection
	GlobalSection(SolutionProperties) = preSolution
		HideSolutionNode = FALSE
	EndGlobalSection
	GlobalSection(ExtensibilityGlobals) = postSolution
		SolutionGuid = {16D92A7F-EDE5-4F4E-93FC-A0FFEA826614}
	EndGlobalSection
EndGlobal
